
Microsoft Visual Studio Solution File, Format Version 12.00
# Visual Studio Version 17
VisualStudioVersion = 17.8.34408.163
MinimumVisualStudioVersion = 10.0.40219.1
Project("{FAE04EC0-301F-11D3-BF4B-00C04F79EFBC}") = "4ISIP-121_Semeniac_Maria_Math", "4ISIP-121_Semeniac_Maria_Math.csproj", "{D103FB0E-8C74-4DB3-BA81-68DC4F38A955}"
EndProject
Global
	GlobalSection(SolutionConfigurationPlatforms) = preSolution
		Debug|Any CPU = Debug|Any CPU
		Release|Any CPU = Release|Any CPU
	EndGlobalSection
	GlobalSection(ProjectConfigurationPlatforms) = postSolution
		{D103FB0E-8C74-4DB3-BA81-68DC4F38A955}.Debug|Any CPU.ActiveCfg = Debug|Any CPU
		{D103FB0E-8C74-4DB3-BA81-68DC4F38A955}.Debug|Any CPU.Build.0 = Debug|Any CPU
		{D103FB0E-8C74-4DB3-BA81-68DC4F38A955}.Release|Any CPU.ActiveCfg = Release|Any CPU
		{D103FB0E-8C74-4DB3-BA81-68DC4F38A955}.Release|Any CPU.Build.0 = Release|Any CPU
	EndGlobalSection
	GlobalSection(SolutionProperties) = preSolution
		HideSolutionNode = FALSE
	EndGlobalSection
	GlobalSection(ExtensibilityGlobals) = postSolution
		SolutionGuid = {E3561CA8-BE98-4F0D-99AF-6B6DCA4DE519}
	EndGlobalSection
EndGlobal
